// !$*UTF8*$!
{
	archiveVersion = 1;
	classes = {
	};
	objectVersion = 50;
	objects = {

/* Begin PBXGroup section */
		237C0A5A27AF124800866CED = {
			isa = PBXGroup;
			children = (
			);
			sourceTree = "<group>";
		};
/* End PBXGroup section */

/* Begin PBXProject section */
		237C0A5B27AF124800866CED /* Project object */ = {
			isa = PBXProject;
			attributes = {
				LastUpgradeCheck = 1250;
			};
			buildConfigurationList = 237C0A5E27AF124800866CED /* Build configuration list for PBXProject "iOS LifeCycle Study" */;
			compatibilityVersion = "Xcode 9.3";
			developmentRegion = en;
			hasScannedForEncodings = 0;
			knownRegions = (
				en,
				Base,
			);
			mainGroup = 237C0A5A27AF124800866CED;
			projectDirPath = "";
			projectRoot = "";
			targets = (
			);
		};
/* End PBXProject section */

/* Begin XCBuildConfiguration section */
		237C0A5F27AF124800866CED /* Debug */ = {
			isa = XCBuildConfiguration;
			buildSettings = {
			};
			name = Debug;
		};
		237C0A6027AF124800866CED /* Release */ = {
			isa = XCBuildConfiguration;
			buildSettings = {
			};
			name = Release;
		};
/* End XCBuildConfiguration section */

/* Begin XCConfigurationList section */
		237C0A5E27AF124800866CED /* Build configuration list for PBXProject "iOS LifeCycle Study" */ = {
			isa = XCConfigurationList;
			buildConfigurations = (
				237C0A5F27AF124800866CED /* Debug */,
				237C0A6027AF124800866CED /* Release */,
			);
			defaultConfigurationIsVisible = 0;
			defaultConfigurationName = Release;
		};
/* End XCConfigurationList section */
	};
	rootObject = 237C0A5B27AF124800866CED /* Project object */;
}
